
Microsoft Visual Studio Solution File, Format Version 12.00
# Visual Studio Version 16
VisualStudioVersion = 16.0.30114.105
MinimumVisualStudioVersion = 10.0.40219.1
Project("{9A19103F-16F7-4668-BE54-9A1E7A4F7556}") = "Application", "Application\Application.csproj", "{2E50A8CA-037C-444D-B82C-E635C5D2D4EB}"
EndProject
Project("{9A19103F-16F7-4668-BE54-9A1E7A4F7556}") = "API", "API\API.csproj", "{9C385CBF-3D46-470C-BE13-86BB46581D09}"
EndProject
Global
	GlobalSection(SolutionConfigurationPlatforms) = preSolution
		Debug|Any CPU = Debug|Any CPU
		Release|Any CPU = Release|Any CPU
	EndGlobalSection
	GlobalSection(ProjectConfigurationPlatforms) = postSolution
		{2E50A8CA-037C-444D-B82C-E635C5D2D4EB}.Debug|Any CPU.ActiveCfg = Debug|Any CPU
		{2E50A8CA-037C-444D-B82C-E635C5D2D4EB}.Debug|Any CPU.Build.0 = Debug|Any CPU
		{2E50A8CA-037C-444D-B82C-E635C5D2D4EB}.Release|Any CPU.ActiveCfg = Release|Any CPU
		{2E50A8CA-037C-444D-B82C-E635C5D2D4EB}.Release|Any CPU.Build.0 = Release|Any CPU
		{9C385CBF-3D46-470C-BE13-86BB46581D09}.Debug|Any CPU.ActiveCfg = Debug|Any CPU
		{9C385CBF-3D46-470C-BE13-86BB46581D09}.Debug|Any CPU.Build.0 = Debug|Any CPU
		{9C385CBF-3D46-470C-BE13-86BB46581D09}.Release|Any CPU.ActiveCfg = Release|Any CPU
		{9C385CBF-3D46-470C-BE13-86BB46581D09}.Release|Any CPU.Build.0 = Release|Any CPU
	EndGlobalSection
	GlobalSection(SolutionProperties) = preSolution
		HideSolutionNode = FALSE
	EndGlobalSection
	GlobalSection(ExtensibilityGlobals) = postSolution
		SolutionGuid = {C453E100-3EDB-4A5D-BE31-F111E60DF79D}
	EndGlobalSection
EndGlobal
